
Microsoft Visual Studio Solution File, Format Version 12.00
# Visual Studio 15
VisualStudioVersion = 15.0.28307.168
MinimumVisualStudioVersion = 10.0.40219.1
Project("{9092AA53-FB77-4645-B42D-1CCCA6BD08BD}") = "Notifier", "Notifier.njsproj", "{F54FB18F-D126-47B5-95B1-03DFB447AA53}"
EndProject
Global
	GlobalSection(SolutionConfigurationPlatforms) = preSolution
		Debug|Any CPU = Debug|Any CPU
		Release|Any CPU = Release|Any CPU
	EndGlobalSection
	GlobalSection(ProjectConfigurationPlatforms) = postSolution
		{F54FB18F-D126-47B5-95B1-03DFB447AA53}.Debug|Any CPU.ActiveCfg = Debug|Any CPU
		{F54FB18F-D126-47B5-95B1-03DFB447AA53}.Debug|Any CPU.Build.0 = Debug|Any CPU
		{F54FB18F-D126-47B5-95B1-03DFB447AA53}.Release|Any CPU.ActiveCfg = Release|Any CPU
		{F54FB18F-D126-47B5-95B1-03DFB447AA53}.Release|Any CPU.Build.0 = Release|Any CPU
	EndGlobalSection
	GlobalSection(SolutionProperties) = preSolution
		HideSolutionNode = FALSE
	EndGlobalSection
	GlobalSection(ExtensibilityGlobals) = postSolution
		SolutionGuid = {774A5D17-EA74-46DA-A760-34E77AAAFABC}
	EndGlobalSection
EndGlobal
